{
  "version": 4,
  "terraform_version": "0.12.24",
  "serial": 23,
  "lineage": "2d67dcaf-0126-603e-0b14-df8cc01a3b68",
  "outputs": {},
  "resources": [
    {
      "mode": "managed",
      "type": "google_container_cluster",
      "name": "mycluster",
      "provider": "provider.google",
      "instances": [
        {
          "schema_version": 1,
          "attributes": {
            "additional_zones": [],
            "addons_config": [
              {
                "cloudrun_config": [],
                "horizontal_pod_autoscaling": [],
                "http_load_balancing": [],
                "kubernetes_dashboard": [],
                "network_policy_config": [
                  {
                    "disabled": true
                  }
                ]
              }
            ],
            "authenticator_groups_config": [],
            "cluster_autoscaling": [
              {
                "auto_provisioning_defaults": [],
                "enabled": false,
                "resource_limits": []
              }
            ],
            "cluster_ipv4_cidr": "10.60.0.0/14",
            "default_max_pods_per_node": 110,
            "description": "",
            "enable_binary_authorization": false,
            "enable_intranode_visibility": null,
            "enable_kubernetes_alpha": false,
            "enable_legacy_abac": false,
            "enable_shielded_nodes": false,
            "enable_tpu": null,
            "endpoint": "104.196.173.226",
            "id": "projects/gcp-kubernetes-278403/locations/us-east1-b/clusters/hatluri",
            "initial_node_count": 1,
            "instance_group_urls": [],
            "ip_allocation_policy": [],
            "label_fingerprint": "a9dc16a7",
            "location": "us-east1-b",
            "logging_service": "logging.googleapis.com/kubernetes",
            "maintenance_policy": [],
            "master_auth": [
              {
                "client_certificate": "",
                "client_certificate_config": [
                  {
                    "issue_client_certificate": false
                  }
                ],
                "client_key": "",
                "cluster_ca_certificate": "LS0tLS1CRUdJTiBDRVJUSUZJQ0FURS0tLS0tCk1JSURERENDQWZTZ0F3SUJBZ0lSQU9CWVFDQkdsM2xvaXU2ZXJwREcxRTB3RFFZSktvWklodmNOQVFFTEJRQXcKTHpFdE1Dc0dBMVVFQXhNa05qQmxaREEzTVdRdE1EYzNaUzAwWmpobExXSTRZakV0TUdObU16bG1aV1ppTjJWbQpNQjRYRFRJd01EVXpNREl5TlRrMU1Gb1hEVEkxTURVeU9USXpOVGsxTUZvd0x6RXRNQ3NHQTFVRUF4TWtOakJsClpEQTNNV1F0TURjM1pTMDBaamhsTFdJNFlqRXRNR05tTXpsbVpXWmlOMlZtTUlJQklqQU5CZ2txaGtpRzl3MEIKQVFFRkFBT0NBUThBTUlJQkNnS0NBUUVBcGNkWTd2UEZLeFZwRzFaeFI2cEFEVG5wZG0wM3ZsNkVvZFVzWVhLWQp2Z0NGTVdCWmUxaWN0Y1BUUk14RWxlODNlWURJNUczeVd0UUltbVBFelUrdXVwZit0eGl1Wm10cDNSNjhta3gxCnlCeUpiQVI4R2l3OVJWeW90Z2h1bWcrdG9mbHN0OGhhenRQaG52T3RUV08zdURMbzdEbTdya0tScXJ2MlBWM3EKQmw2ZDkrSE1NcWVUM1FBSkpNT0tyVm1PamJVTVhNV2NiZWxUd01hQXFpOCt0amVtelBRbkptblZoT1lVNE5HMgpwaHNKeUloc0FXWnlYWFRTM09zMkxPWDZwdDhKUkRDYzFtS3BOeXRzYzdhd05HR2RaNnNoYXlSNFd4TDcxdUFoCkszdGRMQVVwb2dwVzE3bVViM0ZZZjVXZWdyRHp0ekJwZjhDb2RrMFBkbFJjb3dJREFRQUJveU13SVRBT0JnTlYKSFE4QkFmOEVCQU1DQWdRd0R3WURWUjBUQVFIL0JBVXdBd0VCL3pBTkJna3Foa2lHOXcwQkFRc0ZBQU9DQVFFQQpnVEF2eTlpbUFBMUxyWmRGaFFpdHo0ODd1NTZveUxqSDVIUnBYUmRyY3JvY0VveW5ha2psTG94aXdNWm5zSXUzCldlc0Q5di92aXF4bG1lN2tGdkZNbnhYdDE0QVY3cFk0RTZnNjh1WUdjZ0RVclYwOFQwZjR6SXdaSnRIRk42U0oKRk93TEFzdUpLM0xUcDhMWGxpT2ZJb3N0bEtLMXBxTGtOZ3pxc0dsOEJGcXQyV0JLNmgwOWRsRGRSOUNCZ1pyUQpqaS82OTJLc3p1Z3pZZmVDeXFvMFJzOVV2R0ZXQTVSSGNxbHZBdW9iYW1qTCt6bUVpUFFSMHYrNzFMRWxyUGwrCk5keHVxamNWMSsxSHJaczZTaHc0WGlVZ2VaaHJ6OTZKQnV1NmlPRXkrdE4ySE5HRXlUYy9rTXkxTW5obHM1U1QKaU1pemE1NXBkd3dHcTE4OXBkODZiUT09Ci0tLS0tRU5EIENFUlRJRklDQVRFLS0tLS0K",
                "password": "",
                "username": ""
              }
            ],
            "master_authorized_networks_config": [
              {
                "cidr_blocks": [
                  {
                    "cidr_block": "24.183.83.56/32",
                    "display_name": "MyHome"
                  }
                ]
              }
            ],
            "master_version": "1.14.10-gke.36",
            "min_master_version": "1.14.10-gke.36",
            "monitoring_service": "monitoring.googleapis.com/kubernetes",
            "name": "hatluri",
            "network": "projects/gcp-kubernetes-278403/global/networks/gke-vpc",
            "network_policy": [
              {
                "enabled": false,
                "provider": "PROVIDER_UNSPECIFIED"
              }
            ],
            "node_config": [],
            "node_locations": [],
            "node_pool": [],
            "node_version": "1.14.10-gke.36",
            "operation": null,
            "pod_security_policy_config": null,
            "private_cluster_config": [],
            "project": "gcp-kubernetes-278403",
            "region": null,
            "remove_default_node_pool": true,
            "resource_labels": null,
            "resource_usage_export_config": [],
            "services_ipv4_cidr": "10.63.240.0/20",
            "subnetwork": "projects/gcp-kubernetes-278403/regions/us-east1/subnetworks/gke-vpc-use1-subnet",
            "timeouts": null,
            "vertical_pod_autoscaling": [],
            "zone": null
          },
          "private": "eyJlMmJmYjczMC1lY2FhLTExZTYtOGY4OC0zNDM2M2JjN2M0YzAiOnsiY3JlYXRlIjoyNDAwMDAwMDAwMDAwLCJkZWxldGUiOjI0MDAwMDAwMDAwMDAsInJlYWQiOjI0MDAwMDAwMDAwMDAsInVwZGF0ZSI6MzYwMDAwMDAwMDAwMH0sInNjaGVtYV92ZXJzaW9uIjoiMSJ9"
        }
      ]
    },
    {
      "mode": "managed",
      "type": "google_container_node_pool",
      "name": "mycluster_nodes",
      "provider": "provider.google",
      "instances": [
        {
          "schema_version": 1,
          "attributes": {
            "autoscaling": [],
            "cluster": "hatluri",
            "id": "projects/gcp-kubernetes-278403/locations/us-east1-b/clusters/hatluri/nodePools/hatluri-node-pool",
            "initial_node_count": 1,
            "instance_group_urls": [
              "https://www.googleapis.com/compute/v1/projects/gcp-kubernetes-278403/zones/us-east1-b/instanceGroupManagers/gke-hatluri-hatluri-node-pool-28ef6282-grp"
            ],
            "location": "us-east1-b",
            "management": [
              {
                "auto_repair": false,
                "auto_upgrade": true
              }
            ],
            "max_pods_per_node": null,
            "name": "hatluri-node-pool",
            "name_prefix": "",
            "node_config": [
              {
                "disk_size_gb": 100,
                "disk_type": "pd-standard",
                "guest_accelerator": [],
                "image_type": "COS",
                "labels": {},
                "local_ssd_count": 0,
                "machine_type": "n1-standard-1",
                "metadata": {
                  "disable-legacy-endpoints": "true"
                },
                "min_cpu_platform": "",
                "oauth_scopes": [
                  "https://www.googleapis.com/auth/logging.write",
                  "https://www.googleapis.com/auth/monitoring"
                ],
                "preemptible": true,
                "sandbox_config": [],
                "service_account": "default",
                "shielded_instance_config": [
                  {
                    "enable_integrity_monitoring": true,
                    "enable_secure_boot": false
                  }
                ],
                "tags": null,
                "taint": [],
                "workload_metadata_config": []
              }
            ],
            "node_count": 1,
            "node_locations": [
              "us-east1-b"
            ],
            "project": "gcp-kubernetes-278403",
            "region": null,
            "timeouts": null,
            "upgrade_settings": [
              {
                "max_surge": 1,
                "max_unavailable": 0
              }
            ],
            "version": "1.14.10-gke.36",
            "zone": null
          },
          "private": "eyJlMmJmYjczMC1lY2FhLTExZTYtOGY4OC0zNDM2M2JjN2M0YzAiOnsiY3JlYXRlIjoxODAwMDAwMDAwMDAwLCJkZWxldGUiOjE4MDAwMDAwMDAwMDAsInVwZGF0ZSI6MTgwMDAwMDAwMDAwMH0sInNjaGVtYV92ZXJzaW9uIjoiMSJ9",
          "dependencies": [
            "google_container_cluster.mycluster"
          ]
        }
      ]
    },
    {
      "mode": "managed",
      "type": "google_project_service",
      "name": "cloudbuild_service",
      "provider": "provider.google",
      "instances": [
        {
          "schema_version": 0,
          "attributes": {
            "disable_dependent_services": true,
            "disable_on_destroy": true,
            "id": "gcp-kubernetes-278403/cloudbuild.googleapis.com",
            "project": "gcp-kubernetes-278403",
            "service": "cloudbuild.googleapis.com",
            "timeouts": null
          },
          "private": "eyJlMmJmYjczMC1lY2FhLTExZTYtOGY4OC0zNDM2M2JjN2M0YzAiOnsiY3JlYXRlIjoxMjAwMDAwMDAwMDAwLCJkZWxldGUiOjEyMDAwMDAwMDAwMDAsInJlYWQiOjYwMDAwMDAwMDAwMCwidXBkYXRlIjoxMjAwMDAwMDAwMDAwfX0="
        }
      ]
    }
  ]
}
